
Microsoft Visual Studio Solution File, Format Version 12.00
Project("{2150E333-8FDC-42A3-9474-1A3956D46DE8}") = "Solution Items", "Solution Items", "{15EB17DD-9060-4389-802C-8EDBA7494107}"
	ProjectSection(SolutionItems) = preProject
		global.json = global.json
		README.md = README.md
		src\docker-compose.yml = src\docker-compose.yml
	EndProjectSection
EndProject
Project("{2150E333-8FDC-42A3-9474-1A3956D46DE8}") = "src", "src", "{6EC756F9-DE15-4F51-B401-7F719A6D9FE6}"
	ProjectSection(SolutionItems) = preProject
		src\docker-compose.override.yml = src\docker-compose.override.yml
	EndProjectSection
EndProject
Project("{2150E333-8FDC-42A3-9474-1A3956D46DE8}") = "tests", "tests", "{DA0C03AD-ACAF-4AE2-86A9-448F1BDAAE2C}"
EndProject
Project("{2150E333-8FDC-42A3-9474-1A3956D46DE8}") = "ApiGateways", "ApiGateways", "{B00EC39B-388A-44B1-BD5F-0F80F956676C}"
EndProject
Project("{2150E333-8FDC-42A3-9474-1A3956D46DE8}") = "BuildingBlocks", "BuildingBlocks", "{1ED0ACAE-6EC1-4441-BBF5-18A8A8DB53E4}"
EndProject
Project("{2150E333-8FDC-42A3-9474-1A3956D46DE8}") = "Services", "Services", "{D7B3C83F-F089-4734-A391-2A55D18964AA}"
EndProject
Project("{2150E333-8FDC-42A3-9474-1A3956D46DE8}") = "WebApps", "WebApps", "{147BC4A8-291F-47A5-B661-53F7A36634B0}"
EndProject
Project("{FAE04EC0-301F-11D3-BF4B-00C04F79EFBC}") = "Common.Logging", "src\BuildingBlocks\Common.Logging\Common.Logging.csproj", "{94023852-0A57-453A-82F0-F006B86865DD}"
EndProject
Project("{FAE04EC0-301F-11D3-BF4B-00C04F79EFBC}") = "EventBus.Messages", "src\BuildingBlocks\EventBus.Messages\EventBus.Messages.csproj", "{024EE0AB-F899-468F-9258-2E0E653D6BA6}"
EndProject
Project("{2150E333-8FDC-42A3-9474-1A3956D46DE8}") = "Product", "Product", "{4EAF0CC0-082E-4B0B-86B5-F033158212EF}"
EndProject
Project("{2150E333-8FDC-42A3-9474-1A3956D46DE8}") = "Customer", "Customer", "{F7493203-5D26-45B5-9895-BE7837CC8CF6}"
EndProject
Project("{2150E333-8FDC-42A3-9474-1A3956D46DE8}") = "Basket", "Basket", "{67286618-736A-4EA1-9932-05A9CE001331}"
EndProject
Project("{2150E333-8FDC-42A3-9474-1A3956D46DE8}") = "Ordering", "Ordering", "{8EFFAF62-1318-488E-858B-D80A5D5A0A72}"
EndProject
Project("{2150E333-8FDC-42A3-9474-1A3956D46DE8}") = "Inventory", "Inventory", "{A97238A2-2D18-4DA7-A42A-170369B8827D}"
EndProject
Project("{2150E333-8FDC-42A3-9474-1A3956D46DE8}") = "ScheduleJob", "ScheduleJob", "{1C8DF0AB-056B-4298-AC59-CCF41916686D}"
EndProject
Project("{FAE04EC0-301F-11D3-BF4B-00C04F79EFBC}") = "WebHealthStatus", "src\WebApps\WebHealthStatus\WebHealthStatus.csproj", "{0D8264A9-E068-42D2-9441-A00084783F6C}"
EndProject
Project("{FAE04EC0-301F-11D3-BF4B-00C04F79EFBC}") = "Basket.APi", "src\Services\Basket\Basket.APi\Basket.APi.csproj", "{A8911637-2359-473A-82C4-EE5AFD116E19}"
EndProject
Project("{FAE04EC0-301F-11D3-BF4B-00C04F79EFBC}") = "Customer.API", "src\Services\Customer\Customer.API\Customer.API.csproj", "{09A0B4BB-9C26-45CF-902D-F21DE5D463C5}"
EndProject
Project("{FAE04EC0-301F-11D3-BF4B-00C04F79EFBC}") = "Contracts", "src\BuildingBlocks\Contracts\Contracts.csproj", "{E09F52FC-F286-4B99-8AE3-C4BF609C92AC}"
EndProject
Project("{FAE04EC0-301F-11D3-BF4B-00C04F79EFBC}") = "Infrastructure", "src\BuildingBlocks\Infrastructure\Infrastructure.csproj", "{B2689533-4397-44FB-B2D6-EEF146F432DA}"
EndProject
Project("{FAE04EC0-301F-11D3-BF4B-00C04F79EFBC}") = "Shared", "src\BuildingBlocks\Shared\Shared.csproj", "{AE52BCDF-0DF1-41C8-B22B-A3D82039C340}"
EndProject
Project("{FAE04EC0-301F-11D3-BF4B-00C04F79EFBC}") = "OcelotApiGw", "src\ApiGateways\OcelotApiGw\OcelotApiGw.csproj", "{565749D1-57D5-4F30-8DBD-C885E7C3F371}"
EndProject
Project("{FAE04EC0-301F-11D3-BF4B-00C04F79EFBC}") = "Inventory.Product.API", "src\Services\Inventory\Inventory.Product.API\Inventory.Product.API.csproj", "{3EAA4A7A-91EE-47F9-954F-32B9D30BDA7D}"
EndProject
Project("{FAE04EC0-301F-11D3-BF4B-00C04F79EFBC}") = "Ordering.API", "src\Services\Ordering\Ordering.API\Ordering.API.csproj", "{B6CDC576-A51C-4D9C-85D2-C4AEC0F428D9}"
EndProject
Project("{FAE04EC0-301F-11D3-BF4B-00C04F79EFBC}") = "Product.API", "src\Services\Product\Product.API\Product.API.csproj", "{2E0F9AAF-8202-4D3C-80C8-C03B89E59184}"
EndProject
Project("{FAE04EC0-301F-11D3-BF4B-00C04F79EFBC}") = "Hangfire.API", "src\Services\ScheduleJob\Hangfire.API\Hangfire.API.csproj", "{6606F2B9-FE15-43F5-82BA-E66D1741239A}"
EndProject
Global
	GlobalSection(SolutionConfigurationPlatforms) = preSolution
		Debug|Any CPU = Debug|Any CPU
		Release|Any CPU = Release|Any CPU
	EndGlobalSection
	GlobalSection(NestedProjects) = preSolution
		{B00EC39B-388A-44B1-BD5F-0F80F956676C} = {6EC756F9-DE15-4F51-B401-7F719A6D9FE6}
		{1ED0ACAE-6EC1-4441-BBF5-18A8A8DB53E4} = {6EC756F9-DE15-4F51-B401-7F719A6D9FE6}
		{D7B3C83F-F089-4734-A391-2A55D18964AA} = {6EC756F9-DE15-4F51-B401-7F719A6D9FE6}
		{147BC4A8-291F-47A5-B661-53F7A36634B0} = {6EC756F9-DE15-4F51-B401-7F719A6D9FE6}
		{94023852-0A57-453A-82F0-F006B86865DD} = {1ED0ACAE-6EC1-4441-BBF5-18A8A8DB53E4}
		{024EE0AB-F899-468F-9258-2E0E653D6BA6} = {1ED0ACAE-6EC1-4441-BBF5-18A8A8DB53E4}
		{4EAF0CC0-082E-4B0B-86B5-F033158212EF} = {D7B3C83F-F089-4734-A391-2A55D18964AA}
		{F7493203-5D26-45B5-9895-BE7837CC8CF6} = {D7B3C83F-F089-4734-A391-2A55D18964AA}
		{67286618-736A-4EA1-9932-05A9CE001331} = {D7B3C83F-F089-4734-A391-2A55D18964AA}
		{8EFFAF62-1318-488E-858B-D80A5D5A0A72} = {D7B3C83F-F089-4734-A391-2A55D18964AA}
		{A97238A2-2D18-4DA7-A42A-170369B8827D} = {D7B3C83F-F089-4734-A391-2A55D18964AA}
		{1C8DF0AB-056B-4298-AC59-CCF41916686D} = {D7B3C83F-F089-4734-A391-2A55D18964AA}
		{0D8264A9-E068-42D2-9441-A00084783F6C} = {147BC4A8-291F-47A5-B661-53F7A36634B0}
		{A8911637-2359-473A-82C4-EE5AFD116E19} = {67286618-736A-4EA1-9932-05A9CE001331}
		{09A0B4BB-9C26-45CF-902D-F21DE5D463C5} = {F7493203-5D26-45B5-9895-BE7837CC8CF6}
		{E09F52FC-F286-4B99-8AE3-C4BF609C92AC} = {1ED0ACAE-6EC1-4441-BBF5-18A8A8DB53E4}
		{B2689533-4397-44FB-B2D6-EEF146F432DA} = {1ED0ACAE-6EC1-4441-BBF5-18A8A8DB53E4}
		{AE52BCDF-0DF1-41C8-B22B-A3D82039C340} = {1ED0ACAE-6EC1-4441-BBF5-18A8A8DB53E4}
		{565749D1-57D5-4F30-8DBD-C885E7C3F371} = {B00EC39B-388A-44B1-BD5F-0F80F956676C}
		{3EAA4A7A-91EE-47F9-954F-32B9D30BDA7D} = {A97238A2-2D18-4DA7-A42A-170369B8827D}
		{B6CDC576-A51C-4D9C-85D2-C4AEC0F428D9} = {8EFFAF62-1318-488E-858B-D80A5D5A0A72}
		{2E0F9AAF-8202-4D3C-80C8-C03B89E59184} = {4EAF0CC0-082E-4B0B-86B5-F033158212EF}
		{6606F2B9-FE15-43F5-82BA-E66D1741239A} = {1C8DF0AB-056B-4298-AC59-CCF41916686D}
	EndGlobalSection
	GlobalSection(ProjectConfigurationPlatforms) = postSolution
		{94023852-0A57-453A-82F0-F006B86865DD}.Debug|Any CPU.ActiveCfg = Debug|Any CPU
		{94023852-0A57-453A-82F0-F006B86865DD}.Debug|Any CPU.Build.0 = Debug|Any CPU
		{94023852-0A57-453A-82F0-F006B86865DD}.Release|Any CPU.ActiveCfg = Release|Any CPU
		{94023852-0A57-453A-82F0-F006B86865DD}.Release|Any CPU.Build.0 = Release|Any CPU
		{024EE0AB-F899-468F-9258-2E0E653D6BA6}.Debug|Any CPU.ActiveCfg = Debug|Any CPU
		{024EE0AB-F899-468F-9258-2E0E653D6BA6}.Debug|Any CPU.Build.0 = Debug|Any CPU
		{024EE0AB-F899-468F-9258-2E0E653D6BA6}.Release|Any CPU.ActiveCfg = Release|Any CPU
		{024EE0AB-F899-468F-9258-2E0E653D6BA6}.Release|Any CPU.Build.0 = Release|Any CPU
		{0D8264A9-E068-42D2-9441-A00084783F6C}.Debug|Any CPU.ActiveCfg = Debug|Any CPU
		{0D8264A9-E068-42D2-9441-A00084783F6C}.Debug|Any CPU.Build.0 = Debug|Any CPU
		{0D8264A9-E068-42D2-9441-A00084783F6C}.Release|Any CPU.ActiveCfg = Release|Any CPU
		{0D8264A9-E068-42D2-9441-A00084783F6C}.Release|Any CPU.Build.0 = Release|Any CPU
		{A8911637-2359-473A-82C4-EE5AFD116E19}.Debug|Any CPU.ActiveCfg = Debug|Any CPU
		{A8911637-2359-473A-82C4-EE5AFD116E19}.Debug|Any CPU.Build.0 = Debug|Any CPU
		{A8911637-2359-473A-82C4-EE5AFD116E19}.Release|Any CPU.ActiveCfg = Release|Any CPU
		{A8911637-2359-473A-82C4-EE5AFD116E19}.Release|Any CPU.Build.0 = Release|Any CPU
		{09A0B4BB-9C26-45CF-902D-F21DE5D463C5}.Debug|Any CPU.ActiveCfg = Debug|Any CPU
		{09A0B4BB-9C26-45CF-902D-F21DE5D463C5}.Debug|Any CPU.Build.0 = Debug|Any CPU
		{09A0B4BB-9C26-45CF-902D-F21DE5D463C5}.Release|Any CPU.ActiveCfg = Release|Any CPU
		{09A0B4BB-9C26-45CF-902D-F21DE5D463C5}.Release|Any CPU.Build.0 = Release|Any CPU
		{E09F52FC-F286-4B99-8AE3-C4BF609C92AC}.Debug|Any CPU.ActiveCfg = Debug|Any CPU
		{E09F52FC-F286-4B99-8AE3-C4BF609C92AC}.Debug|Any CPU.Build.0 = Debug|Any CPU
		{E09F52FC-F286-4B99-8AE3-C4BF609C92AC}.Release|Any CPU.ActiveCfg = Release|Any CPU
		{E09F52FC-F286-4B99-8AE3-C4BF609C92AC}.Release|Any CPU.Build.0 = Release|Any CPU
		{B2689533-4397-44FB-B2D6-EEF146F432DA}.Debug|Any CPU.ActiveCfg = Debug|Any CPU
		{B2689533-4397-44FB-B2D6-EEF146F432DA}.Debug|Any CPU.Build.0 = Debug|Any CPU
		{B2689533-4397-44FB-B2D6-EEF146F432DA}.Release|Any CPU.ActiveCfg = Release|Any CPU
		{B2689533-4397-44FB-B2D6-EEF146F432DA}.Release|Any CPU.Build.0 = Release|Any CPU
		{AE52BCDF-0DF1-41C8-B22B-A3D82039C340}.Debug|Any CPU.ActiveCfg = Debug|Any CPU
		{AE52BCDF-0DF1-41C8-B22B-A3D82039C340}.Debug|Any CPU.Build.0 = Debug|Any CPU
		{AE52BCDF-0DF1-41C8-B22B-A3D82039C340}.Release|Any CPU.ActiveCfg = Release|Any CPU
		{AE52BCDF-0DF1-41C8-B22B-A3D82039C340}.Release|Any CPU.Build.0 = Release|Any CPU
		{565749D1-57D5-4F30-8DBD-C885E7C3F371}.Debug|Any CPU.ActiveCfg = Debug|Any CPU
		{565749D1-57D5-4F30-8DBD-C885E7C3F371}.Debug|Any CPU.Build.0 = Debug|Any CPU
		{565749D1-57D5-4F30-8DBD-C885E7C3F371}.Release|Any CPU.ActiveCfg = Release|Any CPU
		{565749D1-57D5-4F30-8DBD-C885E7C3F371}.Release|Any CPU.Build.0 = Release|Any CPU
		{3EAA4A7A-91EE-47F9-954F-32B9D30BDA7D}.Debug|Any CPU.ActiveCfg = Debug|Any CPU
		{3EAA4A7A-91EE-47F9-954F-32B9D30BDA7D}.Debug|Any CPU.Build.0 = Debug|Any CPU
		{3EAA4A7A-91EE-47F9-954F-32B9D30BDA7D}.Release|Any CPU.ActiveCfg = Release|Any CPU
		{3EAA4A7A-91EE-47F9-954F-32B9D30BDA7D}.Release|Any CPU.Build.0 = Release|Any CPU
		{B6CDC576-A51C-4D9C-85D2-C4AEC0F428D9}.Debug|Any CPU.ActiveCfg = Debug|Any CPU
		{B6CDC576-A51C-4D9C-85D2-C4AEC0F428D9}.Debug|Any CPU.Build.0 = Debug|Any CPU
		{B6CDC576-A51C-4D9C-85D2-C4AEC0F428D9}.Release|Any CPU.ActiveCfg = Release|Any CPU
		{B6CDC576-A51C-4D9C-85D2-C4AEC0F428D9}.Release|Any CPU.Build.0 = Release|Any CPU
		{2E0F9AAF-8202-4D3C-80C8-C03B89E59184}.Debug|Any CPU.ActiveCfg = Debug|Any CPU
		{2E0F9AAF-8202-4D3C-80C8-C03B89E59184}.Debug|Any CPU.Build.0 = Debug|Any CPU
		{2E0F9AAF-8202-4D3C-80C8-C03B89E59184}.Release|Any CPU.ActiveCfg = Release|Any CPU
		{2E0F9AAF-8202-4D3C-80C8-C03B89E59184}.Release|Any CPU.Build.0 = Release|Any CPU
		{6606F2B9-FE15-43F5-82BA-E66D1741239A}.Debug|Any CPU.ActiveCfg = Debug|Any CPU
		{6606F2B9-FE15-43F5-82BA-E66D1741239A}.Debug|Any CPU.Build.0 = Debug|Any CPU
		{6606F2B9-FE15-43F5-82BA-E66D1741239A}.Release|Any CPU.ActiveCfg = Release|Any CPU
		{6606F2B9-FE15-43F5-82BA-E66D1741239A}.Release|Any CPU.Build.0 = Release|Any CPU
	EndGlobalSection
EndGlobal
